Microsoft Visual Studio Solution File, Format Version 12.00
# Visual Studio Version 18
VisualStudioVersion = 18.5.11626.173
MinimumVisualStudioVersion = 10.0.40219.1
Project("{8BC9CEB8-8B4A-11D0-8D11-00A0C91BC942}") = "Core", "Source\Core\Core.vcxproj", "{E0947F3A-8107-3BB4-83BE-9A22D419719E}"
EndProject
Project("{8BC9CEB8-8B4A-11D0-8D11-00A0C91BC942}") = "Granblue Fantasy Relink", "Source\Games\Granblue Fantasy Relink\Granblue Fantasy Relink.vcxproj", "{36D63B53-C40A-479C-94F9-FC93CBB49FEB}"
EndProject
Global
	GlobalSection(SolutionConfigurationPlatforms) = preSolution
		Development-Debug|x64 = Development-Debug|x64
		Development-Release|x64 = Development-Release|x64
		Publishing-Release|x64 = Publishing-Release|x64
		Test-Release|x64 = Test-Release|x64
	EndGlobalSection
	GlobalSection(ProjectConfigurationPlatforms) = postSolution
		{E0947F3A-8107-3BB4-83BE-9A22D419719E}.Development-Debug|x64.ActiveCfg = Development-Debug|x64
		{E0947F3A-8107-3BB4-83BE-9A22D419719E}.Development-Debug|x64.Build.0 = Development-Debug|x64
		{E0947F3A-8107-3BB4-83BE-9A22D419719E}.Development-Release|x64.ActiveCfg = Development-Release|x64
		{E0947F3A-8107-3BB4-83BE-9A22D419719E}.Development-Release|x64.Build.0 = Development-Release|x64
		{E0947F3A-8107-3BB4-83BE-9A22D419719E}.Publishing-Release|x64.ActiveCfg = Publishing-Release|x64
		{E0947F3A-8107-3BB4-83BE-9A22D419719E}.Publishing-Release|x64.Build.0 = Publishing-Release|x64
		{E0947F3A-8107-3BB4-83BE-9A22D419719E}.Test-Release|x64.ActiveCfg = Test-Release|x64
		{E0947F3A-8107-3BB4-83BE-9A22D419719E}.Test-Release|x64.Build.0 = Test-Release|x64
		{36D63B53-C40A-479C-94F9-FC93CBB49FEB}.Development-Debug|x64.ActiveCfg = Development-Debug|x64
		{36D63B53-C40A-479C-94F9-FC93CBB49FEB}.Development-Debug|x64.Build.0 = Development-Debug|x64
		{36D63B53-C40A-479C-94F9-FC93CBB49FEB}.Development-Release|x64.ActiveCfg = Development-Release|x64
		{36D63B53-C40A-479C-94F9-FC93CBB49FEB}.Development-Release|x64.Build.0 = Development-Release|x64
		{36D63B53-C40A-479C-94F9-FC93CBB49FEB}.Publishing-Release|x64.ActiveCfg = Publishing-Release|x64
		{36D63B53-C40A-479C-94F9-FC93CBB49FEB}.Publishing-Release|x64.Build.0 = Publishing-Release|x64
		{36D63B53-C40A-479C-94F9-FC93CBB49FEB}.Test-Release|x64.ActiveCfg = Test-Release|x64
		{36D63B53-C40A-479C-94F9-FC93CBB49FEB}.Test-Release|x64.Build.0 = Test-Release|x64
	EndGlobalSection
	GlobalSection(SolutionProperties) = preSolution
		HideSolutionNode = FALSE
	EndGlobalSection
	GlobalSection(ExtensibilityGlobals) = postSolution
		SolutionGuid = {8B799422-BA66-3174-B21F-B9FA07C4B2E3}
	EndGlobalSection
EndGlobal
